// !$*UTF8*$!
{
	archiveVersion = 1;
	classes = {
	};
	objectVersion = 77;
	objects = {

/* Begin PBXContainerItemProxy section */
		EF12233E2E5C218C006A9211 /* PBXContainerItemProxy */ = {
			isa = PBXContainerItemProxy;
			containerPortal = EF12231F2E5C218A006A9211 /* Project object */;
			proxyType = 1;
			remoteGlobalIDString = EF1223262E5C218A006A9211;
			remoteInfo = FavouriteBook;
		};
		EF1223482E5C218C006A9211 /* PBXContainerItemProxy */ = {
			isa = PBXContainerItemProxy;
			containerPortal = EF12231F2E5C218A006A9211 /* Project object */;
			proxyType = 1;
			remoteGlobalIDString = EF1223262E5C218A006A9211;
			remoteInfo = FavouriteBook;
		};
/* End PBXContainerItemProxy section */

/* Begin PBXFileReference section */
		EF1223272E5C218A006A9211 /* FavouriteBook.app */ = {isa = PBXFileReference; explicitFileType = wrapper.application; includeInIndex = 0; path = FavouriteBook.app; sourceTree = BUILT_PRODUCTS_DIR; };
		EF12233D2E5C218C006A9211 /* FavouriteBookTests.xctest */ = {isa = PBXFileReference; explicitFileType = wrapper.cfbundle; includeInIndex = 0; path = FavouriteBookTests.xctest; sourceTree = BUILT_PRODUCTS_DIR; };
		EF1223472E5C218C006A9211 /* FavouriteBookUITests.xctest */ = {isa = PBXFileReference; explicitFileType = wrapper.cfbundle; includeInIndex = 0; path = FavouriteBookUITests.xctest; sourceTree = BUILT_PRODUCTS_DIR; };
/* End PBXFileReference section */

/* Begin PBXFileSystemSynchronizedBuildFileExceptionSet section */
		EF12234F2E5C218C006A9211 /* Exceptions for "FavouriteBook" folder in "FavouriteBook" target */ = {
			isa = PBXFileSystemSynchronizedBuildFileExceptionSet;
			membershipExceptions = (
				Info.plist,
			);
			target = EF1223262E5C218A006A9211 /* FavouriteBook */;
		};
/* End PBXFileSystemSynchronizedBuildFileExceptionSet section */

/* Begin PBXFileSystemSynchronizedRootGroup section */
		EF1223292E5C218A006A9211 /* FavouriteBook */ = {
			isa = PBXFileSystemSynchronizedRootGroup;
			exceptions = (
				EF12234F2E5C218C006A9211 /* Exceptions for "FavouriteBook" folder in "FavouriteBook" target */,
			);
			path = FavouriteBook;
			sourceTree = "<group>";
		};
		EF1223402E5C218C006A9211 /* FavouriteBookTests */ = {
			isa = PBXFileSystemSynchronizedRootGroup;
			path = FavouriteBookTests;
			sourceTree = "<group>";
		};
		EF12234A2E5C218C006A9211 /* FavouriteBookUITests */ = {
			isa = PBXFileSystemSynchronizedRootGroup;
			path = FavouriteBookUITests;
			sourceTree = "<group>";
		};
/* End PBXFileSystemSynchronizedRootGroup section */

/* Begin PBXFrameworksBuildPhase section */
		EF1223242E5C218A006A9211 /* Frameworks */ = {
			isa = PBXFrameworksBuildPhase;
			buildActionMask = 2147483647;
			files = (
			);
			runOnlyForDeploymentPostprocessing = 0;
		};
		EF12233A2E5C218C006A9211 /* Frameworks */ = {
			isa = PBXFrameworksBuildPhase;
			buildActionMask = 2147483647;
			files = (
			);
			runOnlyForDeploymentPostprocessing = 0;
		};
		EF1223442E5C218C006A9211 /* Frameworks */ = {
			isa = PBXFrameworksBuildPhase;
			buildActionMask = 2147483647;
			files = (
			);
			runOnlyForDeploymentPostprocessing = 0;
		};
/* End PBXFrameworksBuildPhase section */

/* Begin PBXGroup section */
		EF12231E2E5C218A006A9211 = {
			isa = PBXGroup;
			children = (
				EF1223292E5C218A006A9211 /* FavouriteBook */,
				EF1223402E5C218C006A9211 /* FavouriteBookTests */,
				EF12234A2E5C218C006A9211 /* FavouriteBookUITests */,
				EF1223282E5C218A006A9211 /* Products */,
			);
			sourceTree = "<group>";
		};
		EF1223282E5C218A006A9211 /* Products */ = {
			isa = PBXGroup;
			children = (
				EF1223272E5C218A006A9211 /* FavouriteBook.app */,
				EF12233D2E5C218C006A9211 /* FavouriteBookTests.xctest */,
				EF1223472E5C218C006A9211 /* FavouriteBookUITests.xctest */,
			);
			name = Products;
			sourceTree = "<group>";
		};
/* End PBXGroup section */

/* Begin PBXNativeTarget section */
		EF1223262E5C218A006A9211 /* FavouriteBook */ = {
			isa = PBXNativeTarget;
			buildConfigurationList = EF1223502E5C218C006A9211 /* Build configuration list for PBXNativeTarget "FavouriteBook" */;
			buildPhases = (
				EF1223232E5C218A006A9211 /* Sources */,
				EF1223242E5C218A006A9211 /* Frameworks */,
				EF1223252E5C218A006A9211 /* Resources */,
			);
			buildRules = (
			);
			dependencies = (
			);
			fileSystemSynchronizedGroups = (
				EF1223292E5C218A006A9211 /* FavouriteBook */,
			);
			name = FavouriteBook;
			packageProductDependencies = (
			);
			productName = FavouriteBook;
			productReference = EF1223272E5C218A006A9211 /* FavouriteBook.app */;
			productType = "com.apple.product-type.application";
		};
		EF12233C2E5C218C006A9211 /* FavouriteBookTests */ = {
			isa = PBXNativeTarget;
			buildConfigurationList = EF1223552E5C218C006A9211 /* Build configuration list for PBXNativeTarget "FavouriteBookTests" */;
			buildPhases = (
				EF1223392E5C218C006A9211 /* Sources */,
				EF12233A2E5C218C006A9211 /* Frameworks */,
				EF12233B2E5C218C006A9211 /* Resources */,
			);
			buildRules = (
			);
			dependencies = (
				EF12233F2E5C218C006A9211 /* PBXTargetDependency */,
			);
			fileSystemSynchronizedGroups = (
				EF1223402E5C218C006A9211 /* FavouriteBookTests */,
			);
			name = FavouriteBookTests;
			packageProductDependencies = (
			);
			productName = FavouriteBookTests;
			productReference = EF12233D2E5C218C006A9211 /* FavouriteBookTests.xctest */;
			productType = "com.apple.product-type.bundle.unit-test";
		};
		EF1223462E5C218C006A9211 /* FavouriteBookUITests */ = {
			isa = PBXNativeTarget;
			buildConfigurationList = EF1223582E5C218C006A9211 /* Build configuration list for PBXNativeTarget "FavouriteBookUITests" */;
			buildPhases = (
				EF1223432E5C218C006A9211 /* Sources */,
				EF1223442E5C218C006A9211 /* Frameworks */,
				EF1223452E5C218C006A9211 /* Resources */,
			);
			buildRules = (
			);
			dependencies = (
				EF1223492E5C218C006A9211 /* PBXTargetDependency */,
			);
			fileSystemSynchronizedGroups = (
				EF12234A2E5C218C006A9211 /* FavouriteBookUITests */,
			);
			name = FavouriteBookUITests;
			packageProductDependencies = (
			);
			productName = FavouriteBookUITests;
			productReference = EF1223472E5C218C006A9211 /* FavouriteBookUITests.xctest */;
			productType = "com.apple.product-type.bundle.ui-testing";
		};
/* End PBXNativeTarget section */

/* Begin PBXProject section */
		EF12231F2E5C218A006A9211 /* Project object */ = {
			isa = PBXProject;
			attributes = {
				BuildIndependentTargetsInParallel = 1;
				LastSwiftUpdateCheck = 1640;
				LastUpgradeCheck = 1640;
				TargetAttributes = {
					EF1223262E5C218A006A9211 = {
						CreatedOnToolsVersion = 16.4;
					};
					EF12233C2E5C218C006A9211 = {
						CreatedOnToolsVersion = 16.4;
						TestTargetID = EF1223262E5C218A006A9211;
					};
					EF1223462E5C218C006A9211 = {
						CreatedOnToolsVersion = 16.4;
						TestTargetID = EF1223262E5C218A006A9211;
					};
				};
			};
			buildConfigurationList = EF1223222E5C218A006A9211 /* Build configuration list for PBXProject "FavouriteBook" */;
			developmentRegion = en;
			hasScannedForEncodings = 0;
			knownRegions = (
				en,
				Base,
			);
			mainGroup = EF12231E2E5C218A006A9211;
			minimizedProjectReferenceProxies = 1;
			preferredProjectObjectVersion = 77;
			productRefGroup = EF1223282E5C218A006A9211 /* Products */;
			projectDirPath = "";
			projectRoot = "";
			targets = (
				EF1223262E5C218A006A9211 /* FavouriteBook */,
				EF12233C2E5C218C006A9211 /* FavouriteBookTests */,
				EF1223462E5C218C006A9211 /* FavouriteBookUITests */,
			);
		};
/* End PBXProject section */

/* Begin PBXResourcesBuildPhase section */
		EF1223252E5C218A006A9211 /* Resources */ = {
			isa = PBXResourcesBuildPhase;
			buildActionMask = 2147483647;
			files = (
			);
			runOnlyForDeploymentPostprocessing = 0;
		};
		EF12233B2E5C218C006A9211 /* Resources */ = {
			isa = PBXResourcesBuildPhase;
			buildActionMask = 2147483647;
			files = (
			);
			runOnlyForDeploymentPostprocessing = 0;
		};
		EF1223452E5C218C006A9211 /* Resources */ = {
			isa = PBXResourcesBuildPhase;
			buildActionMask = 2147483647;
			files = (
			);
			runOnlyForDeploymentPostprocessing = 0;
		};
/* End PBXResourcesBuildPhase section */

/* Begin PBXSourcesBuildPhase section */
		EF1223232E5C218A006A9211 /* Sources */ = {
			isa = PBXSourcesBuildPhase;
			buildActionMask = 2147483647;
			files = (
			);
			runOnlyForDeploymentPostprocessing = 0;
		};
		EF1223392E5C218C006A9211 /* Sources */ = {
			isa = PBXSourcesBuildPhase;
			buildActionMask = 2147483647;
			files = (
			);
			runOnlyForDeploymentPostprocessing = 0;
		};
		EF1223432E5C218C006A9211 /* Sources */ = {
			isa = PBXSourcesBuildPhase;
			buildActionMask = 2147483647;
			files = (
			);
			runOnlyForDeploymentPostprocessing = 0;
		};
/* End PBXSourcesBuildPhase section */

/* Begin PBXTargetDependency section */
		EF12233F2E5C218C006A9211 /* PBXTargetDependency */ = {
			isa = PBXTargetDependency;
			target = EF1223262E5C218A006A9211 /* FavouriteBook */;
			targetProxy = EF12233E2E5C218C006A9211 /* PBXContainerItemProxy */;
		};
		EF1223492E5C218C006A9211 /* PBXTargetDependency */ = {
			isa = PBXTargetDependency;
			target = EF1223262E5C218A006A9211 /* FavouriteBook */;
			targetProxy = EF1223482E5C218C006A9211 /* PBXContainerItemProxy */;
		};
/* End PBXTargetDependency section */

/* Begin XCBuildConfiguration section */
		EF1223512E5C218C006A9211 /* Debug */ = {
			isa = XCBuildConfiguration;
			buildSettings = {
				ASSETCATALOG_COMPILER_APPICON_NAME = AppIcon;
				ASSETCATALOG_COMPILER_GLOBAL_ACCENT_COLOR_NAME = AccentColor;
				CODE_SIGN_STYLE = Automatic;
				CURRENT_PROJECT_VERSION = 1;
				GENERATE_INFOPLIST_FILE = YES;
				INFOPLIST_FILE = FavouriteBook/Info.plist;
				INFOPLIST_KEY_UIApplicationSupportsIndirectInputEvents = YES;
				INFOPLIST_KEY_UILaunchStoryboardName = LaunchScreen;
				INFOPLIST_KEY_UIMainStoryboardFile = Main;
				INFOPLIST_KEY_UISupportedInterfaceOrientations_iPad = "UIInterfaceOrientationPortrait UIInterfaceOrientationPortraitUpsideDown UIInterfaceOrientationLandscapeLeft UIInterfaceOrientationLandscapeRight";
				INFOPLIST_KEY_UISupportedInterfaceOrientations_iPhone = "UIInterfaceOrientationPortrait UIInterfaceOrientationLandscapeLeft UIInterfaceOrientationLandscapeRight";
				LD_RUNPATH_SEARCH_PATHS = (
					"$(inherited)",
					"@executable_path/Frameworks",
				);
				MARKETING_VERSION = 1.0;
				PRODUCT_BUNDLE_IDENTIFIER = com.gsagrawal.FavouriteBook;
				PRODUCT_NAME = "$(TARGET_NAME)";
				SWIFT_EMIT_LOC_STRINGS = YES;
				SWIFT_VERSION = 5.0;
				TARGETED_DEVICE_FAMILY = "1,2";
			};
			name = Debug;
		};
		EF1223522E5C218C006A9211 /* Release */ = {
			isa = XCBuildConfiguration;
			buildSettings = {
				ASSETCATALOG_COMPILER_APPICON_NAME = AppIcon;
				ASSETCATALOG_COMPILER_GLOBAL_ACCENT_COLOR_NAME = AccentColor;
				CODE_SIGN_STYLE = Automatic;
				CURRENT_PROJECT_VERSION = 1;
				GENERATE_INFOPLIST_FILE = YES;
				INFOPLIST_FILE = FavouriteBook/Info.plist;
				INFOPLIST_KEY_UIApplicationSupportsIndirectInputEvents = YES;
				INFOPLIST_KEY_UILaunchStoryboardName = LaunchScreen;
				INFOPLIST_KEY_UIMainStoryboardFile = Main;
				INFOPLIST_KEY_UISupportedInterfaceOrientations_iPad = "UIInterfaceOrientationPortrait UIInterfaceOrientationPortraitUpsideDown UIInterfaceOrientationLandscapeLeft UIInterfaceOrientationLandscapeRight";
				INFOPLIST_KEY_UISupportedInterfaceOrientations_iPhone = "UIInterfaceOrientationPortrait UIInterfaceOrientationLandscapeLeft UIInterfaceOrientationLandscapeRight";
				LD_RUNPATH_SEARCH_PATHS = (
					"$(inherited)",
					"@executable_path/Frameworks",
				);
				MARKETING_VERSION = 1.0;
				PRODUCT_BUNDLE_IDENTIFIER = com.gsagrawal.FavouriteBook;
				PRODUCT_NAME = "$(TARGET_NAME)";
				SWIFT_EMIT_LOC_STRINGS = YES;
				SWIFT_VERSION = 5.0;
				TARGETED_DEVICE_FAMILY = "1,2";
			};
			name = Release;
		};
		EF1223532E5C218C006A9211 /* Debug */ = {
			isa = XCBuildConfiguration;
			buildSettings = {
				ALWAYS_SEARCH_USER_PATHS = NO;
				ASSETCATALOG_COMPILER_GENERATE_SWIFT_ASSET_SYMBOL_EXTENSIONS = YES;
				CLANG_ANALYZER_NONNULL = YES;
				CLANG_ANALYZER_NUMBER_OBJECT_CONVERSION = YES_AGGRESSIVE;
				CLANG_CXX_LANGUAGE_STANDARD = "gnu++20";
				CLANG_ENABLE_MODULES = YES;
				CLANG_ENABLE_OBJC_ARC = YES;
				CLANG_ENABLE_OBJC_WEAK = YES;
				CLANG_WARN_BLOCK_CAPTURE_AUTORELEASING = YES;
				CLANG_WARN_BOOL_CONVERSION = YES;
				CLANG_WARN_COMMA = YES;
				CLANG_WARN_CONSTANT_CONVERSION = YES;
				CLANG_WARN_DEPRECATED_OBJC_IMPLEMENTATIONS = YES;
				CLANG_WARN_DIRECT_OBJC_ISA_USAGE = YES_ERROR;
				CLANG_WARN_DOCUMENTATION_COMMENTS = YES;
				CLANG_WARN_EMPTY_BODY = YES;
				CLANG_WARN_ENUM_CONVERSION = YES;
				CLANG_WARN_INFINITE_RECURSION = YES;
				CLANG_WARN_INT_CONVERSION = YES;
				CLANG_WARN_NON_LITERAL_NULL_CONVERSION = YES;
				CLANG_WARN_OBJC_IMPLICIT_RETAIN_SELF = YES;
				CLANG_WARN_OBJC_LITERAL_CONVERSION = YES;
				CLANG_WARN_OBJC_ROOT_CLASS = YES_ERROR;
				CLANG_WARN_QUOTED_INCLUDE_IN_FRAMEWORK_HEADER = YES;
				CLANG_WARN_RANGE_LOOP_ANALYSIS = YES;
				CLANG_WARN_STRICT_PROTOTYPES = YES;
				CLANG_WARN_SUSPICIOUS_MOVE = YES;
				CLANG_WARN_UNGUARDED_AVAILABILITY = YES_AGGRESSIVE;
				CLANG_WARN_UNREACHABLE_CODE = YES;
				CLANG_WARN__DUPLICATE_METHOD_MATCH = YES;
				COPY_PHASE_STRIP = NO;
				DEBUG_INFORMATION_FORMAT = dwarf;
				ENABLE_STRICT_OBJC_MSGSEND = YES;
				ENABLE_TESTABILITY = YES;
				ENABLE_USER_SCRIPT_SANDBOXING = YES;
				GCC_C_LANGUAGE_STANDARD = gnu17;
				GCC_DYNAMIC_NO_PIC = NO;
				GCC_NO_COMMON_BLOCKS = YES;
				GCC_OPTIMIZATION_LEVEL = 0;
				GCC_PREPROCESSOR_DEFINITIONS = (
					"DEBUG=1",
					"$(inherited)",
				);
				GCC_WARN_64_TO_32_BIT_CONVERSION = YES;
				GCC_WARN_ABOUT_RETURN_TYPE = YES_ERROR;
				GCC_WARN_UNDECLARED_SELECTOR = YES;
				GCC_WARN_UNINITIALIZED_AUTOS = YES_AGGRESSIVE;
				GCC_WARN_UNUSED_FUNCTION = YES;
				GCC_WARN_UNUSED_VARIABLE = YES;
				IPHONEOS_DEPLOYMENT_TARGET = 18.5;
				LOCALIZATION_PREFERS_STRING_CATALOGS = YES;
				MTL_ENABLE_DEBUG_INFO = INCLUDE_SOURCE;
				MTL_FAST_MATH = YES;
				ONLY_ACTIVE_ARCH = YES;
				SDKROOT = iphoneos;
				SWIFT_ACTIVE_COMPILATION_CONDITIONS = "DEBUG $(inherited)";
				SWIFT_OPTIMIZATION_LEVEL = "-Onone";
			};
			name = Debug;
		};
		EF1223542E5C218C006A9211 /* Release */ = {
			isa = XCBuildConfiguration;
			buildSettings = {
				ALWAYS_SEARCH_USER_PATHS = NO;
				ASSETCATALOG_COMPILER_GENERATE_SWIFT_ASSET_SYMBOL_EXTENSIONS = YES;
				CLANG_ANALYZER_NONNULL = YES;
				CLANG_ANALYZER_NUMBER_OBJECT_CONVERSION = YES_AGGRESSIVE;
				CLANG_CXX_LANGUAGE_STANDARD = "gnu++20";
				CLANG_ENABLE_MODULES = YES;
				CLANG_ENABLE_OBJC_ARC = YES;
				CLANG_ENABLE_OBJC_WEAK = YES;
				CLANG_WARN_BLOCK_CAPTURE_AUTORELEASING = YES;
				CLANG_WARN_BOOL_CONVERSION = YES;
				CLANG_WARN_COMMA = YES;
				CLANG_WARN_CONSTANT_CONVERSION = YES;
				CLANG_WARN_DEPRECATED_OBJC_IMPLEMENTATIONS = YES;
				CLANG_WARN_DIRECT_OBJC_ISA_USAGE = YES_ERROR;
				CLANG_WARN_DOCUMENTATION_COMMENTS = YES;
				CLANG_WARN_EMPTY_BODY = YES;
				CLANG_WARN_ENUM_CONVERSION = YES;
				CLANG_WARN_INFINITE_RECURSION = YES;
				CLANG_WARN_INT_CONVERSION = YES;
				CLANG_WARN_NON_LITERAL_NULL_CONVERSION = YES;
				CLANG_WARN_OBJC_IMPLICIT_RETAIN_SELF = YES;
				CLANG_WARN_OBJC_LITERAL_CONVERSION = YES;
				CLANG_WARN_OBJC_ROOT_CLASS = YES_ERROR;
				CLANG_WARN_QUOTED_INCLUDE_IN_FRAMEWORK_HEADER = YES;
				CLANG_WARN_RANGE_LOOP_ANALYSIS = YES;
				CLANG_WARN_STRICT_PROTOTYPES = YES;
				CLANG_WARN_SUSPICIOUS_MOVE = YES;
				CLANG_WARN_UNGUARDED_AVAILABILITY = YES_AGGRESSIVE;
				CLANG_WARN_UNREACHABLE_CODE = YES;
				CLANG_WARN__DUPLICATE_METHOD_MATCH = YES;
				COPY_PHASE_STRIP = NO;
				DEBUG_INFORMATION_FORMAT = "dwarf-with-dsym";
				ENABLE_NS_ASSERTIONS = NO;
				ENABLE_STRICT_OBJC_MSGSEND = YES;
				ENABLE_USER_SCRIPT_SANDBOXING = YES;
				GCC_C_LANGUAGE_STANDARD = gnu17;
				GCC_NO_COMMON_BLOCKS = YES;
				GCC_WARN_64_TO_32_BIT_CONVERSION = YES;
				GCC_WARN_ABOUT_RETURN_TYPE = YES_ERROR;
				GCC_WARN_UNDECLARED_SELECTOR = YES;
				GCC_WARN_UNINITIALIZED_AUTOS = YES_AGGRESSIVE;
				GCC_WARN_UNUSED_FUNCTION = YES;
				GCC_WARN_UNUSED_VARIABLE = YES;
				IPHONEOS_DEPLOYMENT_TARGET = 18.5;
				LOCALIZATION_PREFERS_STRING_CATALOGS = YES;
				MTL_ENABLE_DEBUG_INFO = NO;
				MTL_FAST_MATH = YES;
				SDKROOT = iphoneos;
				SWIFT_COMPILATION_MODE = wholemodule;
				VALIDATE_PRODUCT = YES;
			};
			name = Release;
		};
		EF1223562E5C218C006A9211 /* Debug */ = {
			isa = XCBuildConfiguration;
			buildSettings = {
				BUNDLE_LOADER = "$(TEST_HOST)";
				CODE_SIGN_STYLE = Automatic;
				CURRENT_PROJECT_VERSION = 1;
				GENERATE_INFOPLIST_FILE = YES;
				IPHONEOS_DEPLOYMENT_TARGET = 18.5;
				MARKETING_VERSION = 1.0;
				PRODUCT_BUNDLE_IDENTIFIER = com.gsagrawal.FavouriteBookTests;
				PRODUCT_NAME = "$(TARGET_NAME)";
				SWIFT_EMIT_LOC_STRINGS = NO;
				SWIFT_VERSION = 5.0;
				TARGETED_DEVICE_FAMILY = "1,2";
				TEST_HOST = "$(BUILT_PRODUCTS_DIR)/FavouriteBook.app/$(BUNDLE_EXECUTABLE_FOLDER_PATH)/FavouriteBook";
			};
			name = Debug;
		};
		EF1223572E5C218C006A9211 /* Release */ = {
			isa = XCBuildConfiguration;
			buildSettings = {
				BUNDLE_LOADER = "$(TEST_HOST)";
				CODE_SIGN_STYLE = Automatic;
				CURRENT_PROJECT_VERSION = 1;
				GENERATE_INFOPLIST_FILE = YES;
				IPHONEOS_DEPLOYMENT_TARGET = 18.5;
				MARKETING_VERSION = 1.0;
				PRODUCT_BUNDLE_IDENTIFIER = com.gsagrawal.FavouriteBookTests;
				PRODUCT_NAME = "$(TARGET_NAME)";
				SWIFT_EMIT_LOC_STRINGS = NO;
				SWIFT_VERSION = 5.0;
				TARGETED_DEVICE_FAMILY = "1,2";
				TEST_HOST = "$(BUILT_PRODUCTS_DIR)/FavouriteBook.app/$(BUNDLE_EXECUTABLE_FOLDER_PATH)/FavouriteBook";
			};
			name = Release;
		};
		EF1223592E5C218C006A9211 /* Debug */ = {
			isa = XCBuildConfiguration;
			buildSettings = {
				CODE_SIGN_STYLE = Automatic;
				CURRENT_PROJECT_VERSION = 1;
				GENERATE_INFOPLIST_FILE = YES;
				MARKETING_VERSION = 1.0;
				PRODUCT_BUNDLE_IDENTIFIER = com.gsagrawal.FavouriteBookUITests;
				PRODUCT_NAME = "$(TARGET_NAME)";
				SWIFT_EMIT_LOC_STRINGS = NO;
				SWIFT_VERSION = 5.0;
				TARGETED_DEVICE_FAMILY = "1,2";
				TEST_TARGET_NAME = FavouriteBook;
			};
			name = Debug;
		};
		EF12235A2E5C218C006A9211 /* Release */ = {
			isa = XCBuildConfiguration;
			buildSettings = {
				CODE_SIGN_STYLE = Automatic;
				CURRENT_PROJECT_VERSION = 1;
				GENERATE_INFOPLIST_FILE = YES;
				MARKETING_VERSION = 1.0;
				PRODUCT_BUNDLE_IDENTIFIER = com.gsagrawal.FavouriteBookUITests;
				PRODUCT_NAME = "$(TARGET_NAME)";
				SWIFT_EMIT_LOC_STRINGS = NO;
				SWIFT_VERSION = 5.0;
				TARGETED_DEVICE_FAMILY = "1,2";
				TEST_TARGET_NAME = FavouriteBook;
			};
			name = Release;
		};
/* End XCBuildConfiguration section */

/* Begin XCConfigurationList section */
		EF1223222E5C218A006A9211 /* Build configuration list for PBXProject "FavouriteBook" */ = {
			isa = XCConfigurationList;
			buildConfigurations = (
				EF1223532E5C218C006A9211 /* Debug */,
				EF1223542E5C218C006A9211 /* Release */,
			);
			defaultConfigurationIsVisible = 0;
			defaultConfigurationName = Release;
		};
		EF1223502E5C218C006A9211 /* Build configuration list for PBXNativeTarget "FavouriteBook" */ = {
			isa = XCConfigurationList;
			buildConfigurations = (
				EF1223512E5C218C006A9211 /* Debug */,
				EF1223522E5C218C006A9211 /* Release */,
			);
			defaultConfigurationIsVisible = 0;
			defaultConfigurationName = Release;
		};
		EF1223552E5C218C006A9211 /* Build configuration list for PBXNativeTarget "FavouriteBookTests" */ = {
			isa = XCConfigurationList;
			buildConfigurations = (
				EF1223562E5C218C006A9211 /* Debug */,
				EF1223572E5C218C006A9211 /* Release */,
			);
			defaultConfigurationIsVisible = 0;
			defaultConfigurationName = Release;
		};
		EF1223582E5C218C006A9211 /* Build configuration list for PBXNativeTarget "FavouriteBookUITests" */ = {
			isa = XCConfigurationList;
			buildConfigurations = (
				EF1223592E5C218C006A9211 /* Debug */,
				EF12235A2E5C218C006A9211 /* Release */,
			);
			defaultConfigurationIsVisible = 0;
			defaultConfigurationName = Release;
		};
/* End XCConfigurationList section */
	};
	rootObject = EF12231F2E5C218A006A9211 /* Project object */;
}
