// !$*UTF8*$!
{
	archiveVersion = 1;
	classes = {
	};
	objectVersion = 77;
	objects = {

/* Begin PBXBuildFile section */
		EF73D11C2E60127600DC2CDE /* RoomType.swift in Sources */ = {isa = PBXBuildFile; fileRef = EF73D11B2E60127600DC2CDE /* RoomType.swift */; };
		EF73D11E2E60138B00DC2CDE /* SelectRoomTableViewController.swift in Sources */ = {isa = PBXBuildFile; fileRef = EF73D11D2E60138B00DC2CDE /* SelectRoomTableViewController.swift */; };
		EF83F5632E6025070071F665 /* Protocols.swift in Sources */ = {isa = PBXBuildFile; fileRef = EF83F5622E6025070071F665 /* Protocols.swift */; };
		EF83F5652E6026490071F665 /* Registration.swift in Sources */ = {isa = PBXBuildFile; fileRef = EF83F5642E6026490071F665 /* Registration.swift */; };
		EF83F5672E602E500071F665 /* RegistrationTableViewController.swift in Sources */ = {isa = PBXBuildFile; fileRef = EF83F5662E602E500071F665 /* RegistrationTableViewController.swift */; };
/* End PBXBuildFile section */

/* Begin PBXContainerItemProxy section */
		EF9F76732E5EC3DC0049972B /* PBXContainerItemProxy */ = {
			isa = PBXContainerItemProxy;
			containerPortal = EF9F76542E5EC3DA0049972B /* Project object */;
			proxyType = 1;
			remoteGlobalIDString = EF9F765B2E5EC3DA0049972B;
			remoteInfo = "Hotel Manzana";
		};
		EF9F767D2E5EC3DC0049972B /* PBXContainerItemProxy */ = {
			isa = PBXContainerItemProxy;
			containerPortal = EF9F76542E5EC3DA0049972B /* Project object */;
			proxyType = 1;
			remoteGlobalIDString = EF9F765B2E5EC3DA0049972B;
			remoteInfo = "Hotel Manzana";
		};
/* End PBXContainerItemProxy section */

/* Begin PBXFileReference section */
		EF73D11B2E60127600DC2CDE /* RoomType.swift */ = {isa = PBXFileReference; lastKnownFileType = sourcecode.swift; path = RoomType.swift; sourceTree = "<group>"; };
		EF73D11D2E60138B00DC2CDE /* SelectRoomTableViewController.swift */ = {isa = PBXFileReference; lastKnownFileType = sourcecode.swift; path = SelectRoomTableViewController.swift; sourceTree = "<group>"; };
		EF83F5622E6025070071F665 /* Protocols.swift */ = {isa = PBXFileReference; lastKnownFileType = sourcecode.swift; path = Protocols.swift; sourceTree = "<group>"; };
		EF83F5642E6026490071F665 /* Registration.swift */ = {isa = PBXFileReference; lastKnownFileType = sourcecode.swift; path = Registration.swift; sourceTree = "<group>"; };
		EF83F5662E602E500071F665 /* RegistrationTableViewController.swift */ = {isa = PBXFileReference; lastKnownFileType = sourcecode.swift; path = RegistrationTableViewController.swift; sourceTree = "<group>"; };
		EF9F765C2E5EC3DA0049972B /* Hotel Manzana.app */ = {isa = PBXFileReference; explicitFileType = wrapper.application; includeInIndex = 0; path = "Hotel Manzana.app"; sourceTree = BUILT_PRODUCTS_DIR; };
		EF9F76722E5EC3DC0049972B /* Hotel ManzanaTests.xctest */ = {isa = PBXFileReference; explicitFileType = wrapper.cfbundle; includeInIndex = 0; path = "Hotel ManzanaTests.xctest"; sourceTree = BUILT_PRODUCTS_DIR; };
		EF9F767C2E5EC3DC0049972B /* Hotel ManzanaUITests.xctest */ = {isa = PBXFileReference; explicitFileType = wrapper.cfbundle; includeInIndex = 0; path = "Hotel ManzanaUITests.xctest"; sourceTree = BUILT_PRODUCTS_DIR; };
/* End PBXFileReference section */

/* Begin PBXFileSystemSynchronizedBuildFileExceptionSet section */
		EF9F76842E5EC3DC0049972B /* Exceptions for "Hotel Manzana" folder in "Hotel Manzana" target */ = {
			isa = PBXFileSystemSynchronizedBuildFileExceptionSet;
			membershipExceptions = (
				Info.plist,
			);
			target = EF9F765B2E5EC3DA0049972B /* Hotel Manzana */;
		};
/* End PBXFileSystemSynchronizedBuildFileExceptionSet section */

/* Begin PBXFileSystemSynchronizedRootGroup section */
		EF9F765E2E5EC3DA0049972B /* Hotel Manzana */ = {
			isa = PBXFileSystemSynchronizedRootGroup;
			exceptions = (
				EF9F76842E5EC3DC0049972B /* Exceptions for "Hotel Manzana" folder in "Hotel Manzana" target */,
			);
			path = "Hotel Manzana";
			sourceTree = "<group>";
		};
		EF9F76752E5EC3DC0049972B /* Hotel ManzanaTests */ = {
			isa = PBXFileSystemSynchronizedRootGroup;
			path = "Hotel ManzanaTests";
			sourceTree = "<group>";
		};
		EF9F767F2E5EC3DC0049972B /* Hotel ManzanaUITests */ = {
			isa = PBXFileSystemSynchronizedRootGroup;
			path = "Hotel ManzanaUITests";
			sourceTree = "<group>";
		};
/* End PBXFileSystemSynchronizedRootGroup section */

/* Begin PBXFrameworksBuildPhase section */
		EF9F76592E5EC3DA0049972B /* Frameworks */ = {
			isa = PBXFrameworksBuildPhase;
			buildActionMask = 2147483647;
			files = (
			);
			runOnlyForDeploymentPostprocessing = 0;
		};
		EF9F766F2E5EC3DC0049972B /* Frameworks */ = {
			isa = PBXFrameworksBuildPhase;
			buildActionMask = 2147483647;
			files = (
			);
			runOnlyForDeploymentPostprocessing = 0;
		};
		EF9F76792E5EC3DC0049972B /* Frameworks */ = {
			isa = PBXFrameworksBuildPhase;
			buildActionMask = 2147483647;
			files = (
			);
			runOnlyForDeploymentPostprocessing = 0;
		};
/* End PBXFrameworksBuildPhase section */

/* Begin PBXGroup section */
		EF9F76532E5EC3DA0049972B = {
			isa = PBXGroup;
			children = (
				EF83F5662E602E500071F665 /* RegistrationTableViewController.swift */,
				EF83F5642E6026490071F665 /* Registration.swift */,
				EF73D11D2E60138B00DC2CDE /* SelectRoomTableViewController.swift */,
				EF83F5622E6025070071F665 /* Protocols.swift */,
				EF73D11B2E60127600DC2CDE /* RoomType.swift */,
				EF9F765E2E5EC3DA0049972B /* Hotel Manzana */,
				EF9F76752E5EC3DC0049972B /* Hotel ManzanaTests */,
				EF9F767F2E5EC3DC0049972B /* Hotel ManzanaUITests */,
				EF9F765D2E5EC3DA0049972B /* Products */,
			);
			sourceTree = "<group>";
		};
		EF9F765D2E5EC3DA0049972B /* Products */ = {
			isa = PBXGroup;
			children = (
				EF9F765C2E5EC3DA0049972B /* Hotel Manzana.app */,
				EF9F76722E5EC3DC0049972B /* Hotel ManzanaTests.xctest */,
				EF9F767C2E5EC3DC0049972B /* Hotel ManzanaUITests.xctest */,
			);
			name = Products;
			sourceTree = "<group>";
		};
/* End PBXGroup section */

/* Begin PBXNativeTarget section */
		EF9F765B2E5EC3DA0049972B /* Hotel Manzana */ = {
			isa = PBXNativeTarget;
			buildConfigurationList = EF9F76852E5EC3DC0049972B /* Build configuration list for PBXNativeTarget "Hotel Manzana" */;
			buildPhases = (
				EF9F76582E5EC3DA0049972B /* Sources */,
				EF9F76592E5EC3DA0049972B /* Frameworks */,
				EF9F765A2E5EC3DA0049972B /* Resources */,
			);
			buildRules = (
			);
			dependencies = (
			);
			fileSystemSynchronizedGroups = (
				EF9F765E2E5EC3DA0049972B /* Hotel Manzana */,
			);
			name = "Hotel Manzana";
			packageProductDependencies = (
			);
			productName = "Hotel Manzana";
			productReference = EF9F765C2E5EC3DA0049972B /* Hotel Manzana.app */;
			productType = "com.apple.product-type.application";
		};
		EF9F76712E5EC3DC0049972B /* Hotel ManzanaTests */ = {
			isa = PBXNativeTarget;
			buildConfigurationList = EF9F768A2E5EC3DC0049972B /* Build configuration list for PBXNativeTarget "Hotel ManzanaTests" */;
			buildPhases = (
				EF9F766E2E5EC3DC0049972B /* Sources */,
				EF9F766F2E5EC3DC0049972B /* Frameworks */,
				EF9F76702E5EC3DC0049972B /* Resources */,
			);
			buildRules = (
			);
			dependencies = (
				EF9F76742E5EC3DC0049972B /* PBXTargetDependency */,
			);
			fileSystemSynchronizedGroups = (
				EF9F76752E5EC3DC0049972B /* Hotel ManzanaTests */,
			);
			name = "Hotel ManzanaTests";
			packageProductDependencies = (
			);
			productName = "Hotel ManzanaTests";
			productReference = EF9F76722E5EC3DC0049972B /* Hotel ManzanaTests.xctest */;
			productType = "com.apple.product-type.bundle.unit-test";
		};
		EF9F767B2E5EC3DC0049972B /* Hotel ManzanaUITests */ = {
			isa = PBXNativeTarget;
			buildConfigurationList = EF9F768D2E5EC3DC0049972B /* Build configuration list for PBXNativeTarget "Hotel ManzanaUITests" */;
			buildPhases = (
				EF9F76782E5EC3DC0049972B /* Sources */,
				EF9F76792E5EC3DC0049972B /* Frameworks */,
				EF9F767A2E5EC3DC0049972B /* Resources */,
			);
			buildRules = (
			);
			dependencies = (
				EF9F767E2E5EC3DC0049972B /* PBXTargetDependency */,
			);
			fileSystemSynchronizedGroups = (
				EF9F767F2E5EC3DC0049972B /* Hotel ManzanaUITests */,
			);
			name = "Hotel ManzanaUITests";
			packageProductDependencies = (
			);
			productName = "Hotel ManzanaUITests";
			productReference = EF9F767C2E5EC3DC0049972B /* Hotel ManzanaUITests.xctest */;
			productType = "com.apple.product-type.bundle.ui-testing";
		};
/* End PBXNativeTarget section */

/* Begin PBXProject section */
		EF9F76542E5EC3DA0049972B /* Project object */ = {
			isa = PBXProject;
			attributes = {
				BuildIndependentTargetsInParallel = 1;
				LastSwiftUpdateCheck = 1640;
				LastUpgradeCheck = 1640;
				TargetAttributes = {
					EF9F765B2E5EC3DA0049972B = {
						CreatedOnToolsVersion = 16.4;
					};
					EF9F76712E5EC3DC0049972B = {
						CreatedOnToolsVersion = 16.4;
						TestTargetID = EF9F765B2E5EC3DA0049972B;
					};
					EF9F767B2E5EC3DC0049972B = {
						CreatedOnToolsVersion = 16.4;
						TestTargetID = EF9F765B2E5EC3DA0049972B;
					};
				};
			};
			buildConfigurationList = EF9F76572E5EC3DA0049972B /* Build configuration list for PBXProject "Hotel Manzana" */;
			developmentRegion = en;
			hasScannedForEncodings = 0;
			knownRegions = (
				en,
				Base,
			);
			mainGroup = EF9F76532E5EC3DA0049972B;
			minimizedProjectReferenceProxies = 1;
			preferredProjectObjectVersion = 77;
			productRefGroup = EF9F765D2E5EC3DA0049972B /* Products */;
			projectDirPath = "";
			projectRoot = "";
			targets = (
				EF9F765B2E5EC3DA0049972B /* Hotel Manzana */,
				EF9F76712E5EC3DC0049972B /* Hotel ManzanaTests */,
				EF9F767B2E5EC3DC0049972B /* Hotel ManzanaUITests */,
			);
		};
/* End PBXProject section */

/* Begin PBXResourcesBuildPhase section */
		EF9F765A2E5EC3DA0049972B /* Resources */ = {
			isa = PBXResourcesBuildPhase;
			buildActionMask = 2147483647;
			files = (
			);
			runOnlyForDeploymentPostprocessing = 0;
		};
		EF9F76702E5EC3DC0049972B /* Resources */ = {
			isa = PBXResourcesBuildPhase;
			buildActionMask = 2147483647;
			files = (
			);
			runOnlyForDeploymentPostprocessing = 0;
		};
		EF9F767A2E5EC3DC0049972B /* Resources */ = {
			isa = PBXResourcesBuildPhase;
			buildActionMask = 2147483647;
			files = (
			);
			runOnlyForDeploymentPostprocessing = 0;
		};
/* End PBXResourcesBuildPhase section */

/* Begin PBXSourcesBuildPhase section */
		EF9F76582E5EC3DA0049972B /* Sources */ = {
			isa = PBXSourcesBuildPhase;
			buildActionMask = 2147483647;
			files = (
				EF83F5652E6026490071F665 /* Registration.swift in Sources */,
				EF83F5672E602E500071F665 /* RegistrationTableViewController.swift in Sources */,
				EF83F5632E6025070071F665 /* Protocols.swift in Sources */,
				EF73D11C2E60127600DC2CDE /* RoomType.swift in Sources */,
				EF73D11E2E60138B00DC2CDE /* SelectRoomTableViewController.swift in Sources */,
			);
			runOnlyForDeploymentPostprocessing = 0;
		};
		EF9F766E2E5EC3DC0049972B /* Sources */ = {
			isa = PBXSourcesBuildPhase;
			buildActionMask = 2147483647;
			files = (
			);
			runOnlyForDeploymentPostprocessing = 0;
		};
		EF9F76782E5EC3DC0049972B /* Sources */ = {
			isa = PBXSourcesBuildPhase;
			buildActionMask = 2147483647;
			files = (
			);
			runOnlyForDeploymentPostprocessing = 0;
		};
/* End PBXSourcesBuildPhase section */

/* Begin PBXTargetDependency section */
		EF9F76742E5EC3DC0049972B /* PBXTargetDependency */ = {
			isa = PBXTargetDependency;
			target = EF9F765B2E5EC3DA0049972B /* Hotel Manzana */;
			targetProxy = EF9F76732E5EC3DC0049972B /* PBXContainerItemProxy */;
		};
		EF9F767E2E5EC3DC0049972B /* PBXTargetDependency */ = {
			isa = PBXTargetDependency;
			target = EF9F765B2E5EC3DA0049972B /* Hotel Manzana */;
			targetProxy = EF9F767D2E5EC3DC0049972B /* PBXContainerItemProxy */;
		};
/* End PBXTargetDependency section */

/* Begin XCBuildConfiguration section */
		EF9F76862E5EC3DC0049972B /* Debug */ = {
			isa = XCBuildConfiguration;
			buildSettings = {
				ASSETCATALOG_COMPILER_APPICON_NAME = AppIcon;
				ASSETCATALOG_COMPILER_GLOBAL_ACCENT_COLOR_NAME = AccentColor;
				CODE_SIGN_STYLE = Automatic;
				CURRENT_PROJECT_VERSION = 1;
				GENERATE_INFOPLIST_FILE = YES;
				INFOPLIST_FILE = "Hotel Manzana/Info.plist";
				INFOPLIST_KEY_UIApplicationSupportsIndirectInputEvents = YES;
				INFOPLIST_KEY_UILaunchStoryboardName = LaunchScreen;
				INFOPLIST_KEY_UIMainStoryboardFile = Main;
				INFOPLIST_KEY_UISupportedInterfaceOrientations_iPad = "UIInterfaceOrientationPortrait UIInterfaceOrientationPortraitUpsideDown UIInterfaceOrientationLandscapeLeft UIInterfaceOrientationLandscapeRight";
				INFOPLIST_KEY_UISupportedInterfaceOrientations_iPhone = "UIInterfaceOrientationPortrait UIInterfaceOrientationLandscapeLeft UIInterfaceOrientationLandscapeRight";
				LD_RUNPATH_SEARCH_PATHS = (
					"$(inherited)",
					"@executable_path/Frameworks",
				);
				MARKETING_VERSION = 1.0;
				PRODUCT_BUNDLE_IDENTIFIER = "com.gsagrawal.Hotel-Manzana";
				PRODUCT_NAME = "$(TARGET_NAME)";
				SWIFT_EMIT_LOC_STRINGS = YES;
				SWIFT_VERSION = 5.0;
				TARGETED_DEVICE_FAMILY = "1,2";
			};
			name = Debug;
		};
		EF9F76872E5EC3DC0049972B /* Release */ = {
			isa = XCBuildConfiguration;
			buildSettings = {
				ASSETCATALOG_COMPILER_APPICON_NAME = AppIcon;
				ASSETCATALOG_COMPILER_GLOBAL_ACCENT_COLOR_NAME = AccentColor;
				CODE_SIGN_STYLE = Automatic;
				CURRENT_PROJECT_VERSION = 1;
				GENERATE_INFOPLIST_FILE = YES;
				INFOPLIST_FILE = "Hotel Manzana/Info.plist";
				INFOPLIST_KEY_UIApplicationSupportsIndirectInputEvents = YES;
				INFOPLIST_KEY_UILaunchStoryboardName = LaunchScreen;
				INFOPLIST_KEY_UIMainStoryboardFile = Main;
				INFOPLIST_KEY_UISupportedInterfaceOrientations_iPad = "UIInterfaceOrientationPortrait UIInterfaceOrientationPortraitUpsideDown UIInterfaceOrientationLandscapeLeft UIInterfaceOrientationLandscapeRight";
				INFOPLIST_KEY_UISupportedInterfaceOrientations_iPhone = "UIInterfaceOrientationPortrait UIInterfaceOrientationLandscapeLeft UIInterfaceOrientationLandscapeRight";
				LD_RUNPATH_SEARCH_PATHS = (
					"$(inherited)",
					"@executable_path/Frameworks",
				);
				MARKETING_VERSION = 1.0;
				PRODUCT_BUNDLE_IDENTIFIER = "com.gsagrawal.Hotel-Manzana";
				PRODUCT_NAME = "$(TARGET_NAME)";
				SWIFT_EMIT_LOC_STRINGS = YES;
				SWIFT_VERSION = 5.0;
				TARGETED_DEVICE_FAMILY = "1,2";
			};
			name = Release;
		};
		EF9F76882E5EC3DC0049972B /* Debug */ = {
			isa = XCBuildConfiguration;
			buildSettings = {
				ALWAYS_SEARCH_USER_PATHS = NO;
				ASSETCATALOG_COMPILER_GENERATE_SWIFT_ASSET_SYMBOL_EXTENSIONS = YES;
				CLANG_ANALYZER_NONNULL = YES;
				CLANG_ANALYZER_NUMBER_OBJECT_CONVERSION = YES_AGGRESSIVE;
				CLANG_CXX_LANGUAGE_STANDARD = "gnu++20";
				CLANG_ENABLE_MODULES = YES;
				CLANG_ENABLE_OBJC_ARC = YES;
				CLANG_ENABLE_OBJC_WEAK = YES;
				CLANG_WARN_BLOCK_CAPTURE_AUTORELEASING = YES;
				CLANG_WARN_BOOL_CONVERSION = YES;
				CLANG_WARN_COMMA = YES;
				CLANG_WARN_CONSTANT_CONVERSION = YES;
				CLANG_WARN_DEPRECATED_OBJC_IMPLEMENTATIONS = YES;
				CLANG_WARN_DIRECT_OBJC_ISA_USAGE = YES_ERROR;
				CLANG_WARN_DOCUMENTATION_COMMENTS = YES;
				CLANG_WARN_EMPTY_BODY = YES;
				CLANG_WARN_ENUM_CONVERSION = YES;
				CLANG_WARN_INFINITE_RECURSION = YES;
				CLANG_WARN_INT_CONVERSION = YES;
				CLANG_WARN_NON_LITERAL_NULL_CONVERSION = YES;
				CLANG_WARN_OBJC_IMPLICIT_RETAIN_SELF = YES;
				CLANG_WARN_OBJC_LITERAL_CONVERSION = YES;
				CLANG_WARN_OBJC_ROOT_CLASS = YES_ERROR;
				CLANG_WARN_QUOTED_INCLUDE_IN_FRAMEWORK_HEADER = YES;
				CLANG_WARN_RANGE_LOOP_ANALYSIS = YES;
				CLANG_WARN_STRICT_PROTOTYPES = YES;
				CLANG_WARN_SUSPICIOUS_MOVE = YES;
				CLANG_WARN_UNGUARDED_AVAILABILITY = YES_AGGRESSIVE;
				CLANG_WARN_UNREACHABLE_CODE = YES;
				CLANG_WARN__DUPLICATE_METHOD_MATCH = YES;
				COPY_PHASE_STRIP = NO;
				DEBUG_INFORMATION_FORMAT = dwarf;
				ENABLE_STRICT_OBJC_MSGSEND = YES;
				ENABLE_TESTABILITY = YES;
				ENABLE_USER_SCRIPT_SANDBOXING = YES;
				GCC_C_LANGUAGE_STANDARD = gnu17;
				GCC_DYNAMIC_NO_PIC = NO;
				GCC_NO_COMMON_BLOCKS = YES;
				GCC_OPTIMIZATION_LEVEL = 0;
				GCC_PREPROCESSOR_DEFINITIONS = (
					"DEBUG=1",
					"$(inherited)",
				);
				GCC_WARN_64_TO_32_BIT_CONVERSION = YES;
				GCC_WARN_ABOUT_RETURN_TYPE = YES_ERROR;
				GCC_WARN_UNDECLARED_SELECTOR = YES;
				GCC_WARN_UNINITIALIZED_AUTOS = YES_AGGRESSIVE;
				GCC_WARN_UNUSED_FUNCTION = YES;
				GCC_WARN_UNUSED_VARIABLE = YES;
				IPHONEOS_DEPLOYMENT_TARGET = 18.5;
				LOCALIZATION_PREFERS_STRING_CATALOGS = YES;
				MTL_ENABLE_DEBUG_INFO = INCLUDE_SOURCE;
				MTL_FAST_MATH = YES;
				ONLY_ACTIVE_ARCH = YES;
				SDKROOT = iphoneos;
				SWIFT_ACTIVE_COMPILATION_CONDITIONS = "DEBUG $(inherited)";
				SWIFT_OPTIMIZATION_LEVEL = "-Onone";
			};
			name = Debug;
		};
		EF9F76892E5EC3DC0049972B /* Release */ = {
			isa = XCBuildConfiguration;
			buildSettings = {
				ALWAYS_SEARCH_USER_PATHS = NO;
				ASSETCATALOG_COMPILER_GENERATE_SWIFT_ASSET_SYMBOL_EXTENSIONS = YES;
				CLANG_ANALYZER_NONNULL = YES;
				CLANG_ANALYZER_NUMBER_OBJECT_CONVERSION = YES_AGGRESSIVE;
				CLANG_CXX_LANGUAGE_STANDARD = "gnu++20";
				CLANG_ENABLE_MODULES = YES;
				CLANG_ENABLE_OBJC_ARC = YES;
				CLANG_ENABLE_OBJC_WEAK = YES;
				CLANG_WARN_BLOCK_CAPTURE_AUTORELEASING = YES;
				CLANG_WARN_BOOL_CONVERSION = YES;
				CLANG_WARN_COMMA = YES;
				CLANG_WARN_CONSTANT_CONVERSION = YES;
				CLANG_WARN_DEPRECATED_OBJC_IMPLEMENTATIONS = YES;
				CLANG_WARN_DIRECT_OBJC_ISA_USAGE = YES_ERROR;
				CLANG_WARN_DOCUMENTATION_COMMENTS = YES;
				CLANG_WARN_EMPTY_BODY = YES;
				CLANG_WARN_ENUM_CONVERSION = YES;
				CLANG_WARN_INFINITE_RECURSION = YES;
				CLANG_WARN_INT_CONVERSION = YES;
				CLANG_WARN_NON_LITERAL_NULL_CONVERSION = YES;
				CLANG_WARN_OBJC_IMPLICIT_RETAIN_SELF = YES;
				CLANG_WARN_OBJC_LITERAL_CONVERSION = YES;
				CLANG_WARN_OBJC_ROOT_CLASS = YES_ERROR;
				CLANG_WARN_QUOTED_INCLUDE_IN_FRAMEWORK_HEADER = YES;
				CLANG_WARN_RANGE_LOOP_ANALYSIS = YES;
				CLANG_WARN_STRICT_PROTOTYPES = YES;
				CLANG_WARN_SUSPICIOUS_MOVE = YES;
				CLANG_WARN_UNGUARDED_AVAILABILITY = YES_AGGRESSIVE;
				CLANG_WARN_UNREACHABLE_CODE = YES;
				CLANG_WARN__DUPLICATE_METHOD_MATCH = YES;
				COPY_PHASE_STRIP = NO;
				DEBUG_INFORMATION_FORMAT = "dwarf-with-dsym";
				ENABLE_NS_ASSERTIONS = NO;
				ENABLE_STRICT_OBJC_MSGSEND = YES;
				ENABLE_USER_SCRIPT_SANDBOXING = YES;
				GCC_C_LANGUAGE_STANDARD = gnu17;
				GCC_NO_COMMON_BLOCKS = YES;
				GCC_WARN_64_TO_32_BIT_CONVERSION = YES;
				GCC_WARN_ABOUT_RETURN_TYPE = YES_ERROR;
				GCC_WARN_UNDECLARED_SELECTOR = YES;
				GCC_WARN_UNINITIALIZED_AUTOS = YES_AGGRESSIVE;
				GCC_WARN_UNUSED_FUNCTION = YES;
				GCC_WARN_UNUSED_VARIABLE = YES;
				IPHONEOS_DEPLOYMENT_TARGET = 18.5;
				LOCALIZATION_PREFERS_STRING_CATALOGS = YES;
				MTL_ENABLE_DEBUG_INFO = NO;
				MTL_FAST_MATH = YES;
				SDKROOT = iphoneos;
				SWIFT_COMPILATION_MODE = wholemodule;
				VALIDATE_PRODUCT = YES;
			};
			name = Release;
		};
		EF9F768B2E5EC3DC0049972B /* Debug */ = {
			isa = XCBuildConfiguration;
			buildSettings = {
				BUNDLE_LOADER = "$(TEST_HOST)";
				CODE_SIGN_STYLE = Automatic;
				CURRENT_PROJECT_VERSION = 1;
				GENERATE_INFOPLIST_FILE = YES;
				IPHONEOS_DEPLOYMENT_TARGET = 18.5;
				MARKETING_VERSION = 1.0;
				PRODUCT_BUNDLE_IDENTIFIER = "com.gsagrawal.Hotel-ManzanaTests";
				PRODUCT_NAME = "$(TARGET_NAME)";
				SWIFT_EMIT_LOC_STRINGS = NO;
				SWIFT_VERSION = 5.0;
				TARGETED_DEVICE_FAMILY = "1,2";
				TEST_HOST = "$(BUILT_PRODUCTS_DIR)/Hotel Manzana.app/$(BUNDLE_EXECUTABLE_FOLDER_PATH)/Hotel Manzana";
			};
			name = Debug;
		};
		EF9F768C2E5EC3DC0049972B /* Release */ = {
			isa = XCBuildConfiguration;
			buildSettings = {
				BUNDLE_LOADER = "$(TEST_HOST)";
				CODE_SIGN_STYLE = Automatic;
				CURRENT_PROJECT_VERSION = 1;
				GENERATE_INFOPLIST_FILE = YES;
				IPHONEOS_DEPLOYMENT_TARGET = 18.5;
				MARKETING_VERSION = 1.0;
				PRODUCT_BUNDLE_IDENTIFIER = "com.gsagrawal.Hotel-ManzanaTests";
				PRODUCT_NAME = "$(TARGET_NAME)";
				SWIFT_EMIT_LOC_STRINGS = NO;
				SWIFT_VERSION = 5.0;
				TARGETED_DEVICE_FAMILY = "1,2";
				TEST_HOST = "$(BUILT_PRODUCTS_DIR)/Hotel Manzana.app/$(BUNDLE_EXECUTABLE_FOLDER_PATH)/Hotel Manzana";
			};
			name = Release;
		};
		EF9F768E2E5EC3DC0049972B /* Debug */ = {
			isa = XCBuildConfiguration;
			buildSettings = {
				CODE_SIGN_STYLE = Automatic;
				CURRENT_PROJECT_VERSION = 1;
				GENERATE_INFOPLIST_FILE = YES;
				MARKETING_VERSION = 1.0;
				PRODUCT_BUNDLE_IDENTIFIER = "com.gsagrawal.Hotel-ManzanaUITests";
				PRODUCT_NAME = "$(TARGET_NAME)";
				SWIFT_EMIT_LOC_STRINGS = NO;
				SWIFT_VERSION = 5.0;
				TARGETED_DEVICE_FAMILY = "1,2";
				TEST_TARGET_NAME = "Hotel Manzana";
			};
			name = Debug;
		};
		EF9F768F2E5EC3DC0049972B /* Release */ = {
			isa = XCBuildConfiguration;
			buildSettings = {
				CODE_SIGN_STYLE = Automatic;
				CURRENT_PROJECT_VERSION = 1;
				GENERATE_INFOPLIST_FILE = YES;
				MARKETING_VERSION = 1.0;
				PRODUCT_BUNDLE_IDENTIFIER = "com.gsagrawal.Hotel-ManzanaUITests";
				PRODUCT_NAME = "$(TARGET_NAME)";
				SWIFT_EMIT_LOC_STRINGS = NO;
				SWIFT_VERSION = 5.0;
				TARGETED_DEVICE_FAMILY = "1,2";
				TEST_TARGET_NAME = "Hotel Manzana";
			};
			name = Release;
		};
/* End XCBuildConfiguration section */

/* Begin XCConfigurationList section */
		EF9F76572E5EC3DA0049972B /* Build configuration list for PBXProject "Hotel Manzana" */ = {
			isa = XCConfigurationList;
			buildConfigurations = (
				EF9F76882E5EC3DC0049972B /* Debug */,
				EF9F76892E5EC3DC0049972B /* Release */,
			);
			defaultConfigurationIsVisible = 0;
			defaultConfigurationName = Release;
		};
		EF9F76852E5EC3DC0049972B /* Build configuration list for PBXNativeTarget "Hotel Manzana" */ = {
			isa = XCConfigurationList;
			buildConfigurations = (
				EF9F76862E5EC3DC0049972B /* Debug */,
				EF9F76872E5EC3DC0049972B /* Release */,
			);
			defaultConfigurationIsVisible = 0;
			defaultConfigurationName = Release;
		};
		EF9F768A2E5EC3DC0049972B /* Build configuration list for PBXNativeTarget "Hotel ManzanaTests" */ = {
			isa = XCConfigurationList;
			buildConfigurations = (
				EF9F768B2E5EC3DC0049972B /* Debug */,
				EF9F768C2E5EC3DC0049972B /* Release */,
			);
			defaultConfigurationIsVisible = 0;
			defaultConfigurationName = Release;
		};
		EF9F768D2E5EC3DC0049972B /* Build configuration list for PBXNativeTarget "Hotel ManzanaUITests" */ = {
			isa = XCConfigurationList;
			buildConfigurations = (
				EF9F768E2E5EC3DC0049972B /* Debug */,
				EF9F768F2E5EC3DC0049972B /* Release */,
			);
			defaultConfigurationIsVisible = 0;
			defaultConfigurationName = Release;
		};
/* End XCConfigurationList section */
	};
	rootObject = EF9F76542E5EC3DA0049972B /* Project object */;
}
